// !$*UTF8*$!
{
	archiveVersion = 1;
	classes = {
	};
	objectVersion = 46;
	objects = {

/* Begin PBXBuildFile section */
		251CF0C31EED3D400055E738 /* AppDelegate.m in Sources */ = {isa = PBXBuildFile; fileRef = 251CF0BD1EED3D400055E738 /* AppDelegate.m */; };
		251CF0C41EED3D400055E738 /* main.m in Sources */ = {isa = PBXBuildFile; fileRef = 251CF0BE1EED3D400055E738 /* main.m */; };
		251CF0C71EED3E130055E738 /* XMGEssenceViewController.m in Sources */ = {isa = PBXBuildFile; fileRef = 251CF0C61EED3E130055E738 /* XMGEssenceViewController.m */; };
		251CF0CA1EED3E240055E738 /* XMGFriendTrendViewController.m in Sources */ = {isa = PBXBuildFile; fileRef = 251CF0C91EED3E240055E738 /* XMGFriendTrendViewController.m */; };
		251CF0D01EED3E650055E738 /* XMGNewViewController.m in Sources */ = {isa = PBXBuildFile; fileRef = 251CF0CF1EED3E650055E738 /* XMGNewViewController.m */; };
		251CF0D31EED3E780055E738 /* XMGPublishViewController.m in Sources */ = {isa = PBXBuildFile; fileRef = 251CF0D21EED3E780055E738 /* XMGPublishViewController.m */; };
		251CF0D61EED40E80055E738 /* XMGTabController.m in Sources */ = {isa = PBXBuildFile; fileRef = 251CF0D51EED40E80055E738 /* XMGTabController.m */; };
		8499CC211EEE39E000CDB8E0 /* XMGMeTableViewController.m in Sources */ = {isa = PBXBuildFile; fileRef = 8499CC201EEE39E000CDB8E0 /* XMGMeTableViewController.m */; };
		8499CC251EEE462D00CDB8E0 /* UIImage+Image.m in Sources */ = {isa = PBXBuildFile; fileRef = 8499CC241EEE462D00CDB8E0 /* UIImage+Image.m */; };
		8499CC281EEE469100CDB8E0 /* UIBarButtonItem+Item.m in Sources */ = {isa = PBXBuildFile; fileRef = 8499CC271EEE469100CDB8E0 /* UIBarButtonItem+Item.m */; };
		8499CC2F1EEE60D900CDB8E0 /* XMGSettingViewController.m in Sources */ = {isa = PBXBuildFile; fileRef = 8499CC2E1EEE60D900CDB8E0 /* XMGSettingViewController.m */; };
		8499CC511EEE75FA00CDB8E0 /* XMGNavigationController.m in Sources */ = {isa = PBXBuildFile; fileRef = 8499CC501EEE75FA00CDB8E0 /* XMGNavigationController.m */; };
		84DDA98A1EED0F1200F8893C /* Main.storyboard in Resources */ = {isa = PBXBuildFile; fileRef = 84DDA9881EED0F1200F8893C /* Main.storyboard */; };
		84DDA98C1EED0F1200F8893C /* Assets.xcassets in Resources */ = {isa = PBXBuildFile; fileRef = 84DDA98B1EED0F1200F8893C /* Assets.xcassets */; };
		84DDA98F1EED0F1200F8893C /* LaunchScreen.storyboard in Resources */ = {isa = PBXBuildFile; fileRef = 84DDA98D1EED0F1200F8893C /* LaunchScreen.storyboard */; };
		84DDA99A1EED0F1200F8893C /* BuDeJieUITests.m in Sources */ = {isa = PBXBuildFile; fileRef = 84DDA9991EED0F1200F8893C /* BuDeJieUITests.m */; };
/* End PBXBuildFile section */

/* Begin PBXContainerItemProxy section */
		84DDA9961EED0F1200F8893C /* PBXContainerItemProxy */ = {
			isa = PBXContainerItemProxy;
			containerPortal = 84DDA9741EED0F1200F8893C /* Project object */;
			proxyType = 1;
			remoteGlobalIDString = 84DDA97B1EED0F1200F8893C;
			remoteInfo = BuDeJie;
		};
/* End PBXContainerItemProxy section */

/* Begin PBXFileReference section */
		251CF0BC1EED3D400055E738 /* AppDelegate.h */ = {isa = PBXFileReference; fileEncoding = 4; lastKnownFileType = sourcecode.c.h; path = AppDelegate.h; sourceTree = "<group>"; };
		251CF0BD1EED3D400055E738 /* AppDelegate.m */ = {isa = PBXFileReference; fileEncoding = 4; lastKnownFileType = sourcecode.c.objc; path = AppDelegate.m; sourceTree = "<group>"; };
		251CF0BE1EED3D400055E738 /* main.m */ = {isa = PBXFileReference; fileEncoding = 4; lastKnownFileType = sourcecode.c.objc; path = main.m; sourceTree = "<group>"; };
		251CF0C51EED3E130055E738 /* XMGEssenceViewController.h */ = {isa = PBXFileReference; fileEncoding = 4; lastKnownFileType = sourcecode.c.h; path = XMGEssenceViewController.h; sourceTree = "<group>"; };
		251CF0C61EED3E130055E738 /* XMGEssenceViewController.m */ = {isa = PBXFileReference; fileEncoding = 4; lastKnownFileType = sourcecode.c.objc; path = XMGEssenceViewController.m; sourceTree = "<group>"; };
		251CF0C81EED3E240055E738 /* XMGFriendTrendViewController.h */ = {isa = PBXFileReference; fileEncoding = 4; lastKnownFileType = sourcecode.c.h; path = XMGFriendTrendViewController.h; sourceTree = "<group>"; };
		251CF0C91EED3E240055E738 /* XMGFriendTrendViewController.m */ = {isa = PBXFileReference; fileEncoding = 4; lastKnownFileType = sourcecode.c.objc; path = XMGFriendTrendViewController.m; sourceTree = "<group>"; };
		251CF0CE1EED3E650055E738 /* XMGNewViewController.h */ = {isa = PBXFileReference; fileEncoding = 4; lastKnownFileType = sourcecode.c.h; path = XMGNewViewController.h; sourceTree = "<group>"; };
		251CF0CF1EED3E650055E738 /* XMGNewViewController.m */ = {isa = PBXFileReference; fileEncoding = 4; lastKnownFileType = sourcecode.c.objc; path = XMGNewViewController.m; sourceTree = "<group>"; };
		251CF0D11EED3E780055E738 /* XMGPublishViewController.h */ = {isa = PBXFileReference; fileEncoding = 4; lastKnownFileType = sourcecode.c.h; path = XMGPublishViewController.h; sourceTree = "<group>"; };
		251CF0D21EED3E780055E738 /* XMGPublishViewController.m */ = {isa = PBXFileReference; fileEncoding = 4; lastKnownFileType = sourcecode.c.objc; path = XMGPublishViewController.m; sourceTree = "<group>"; };
		251CF0D41EED40E80055E738 /* XMGTabController.h */ = {isa = PBXFileReference; fileEncoding = 4; lastKnownFileType = sourcecode.c.h; path = XMGTabController.h; sourceTree = "<group>"; };
		251CF0D51EED40E80055E738 /* XMGTabController.m */ = {isa = PBXFileReference; fileEncoding = 4; lastKnownFileType = sourcecode.c.objc; path = XMGTabController.m; sourceTree = "<group>"; };
		8499CC1F1EEE39E000CDB8E0 /* XMGMeTableViewController.h */ = {isa = PBXFileReference; fileEncoding = 4; lastKnownFileType = sourcecode.c.h; path = XMGMeTableViewController.h; sourceTree = "<group>"; };
		8499CC201EEE39E000CDB8E0 /* XMGMeTableViewController.m */ = {isa = PBXFileReference; fileEncoding = 4; lastKnownFileType = sourcecode.c.objc; path = XMGMeTableViewController.m; sourceTree = "<group>"; };
		8499CC231EEE462D00CDB8E0 /* UIImage+Image.h */ = {isa = PBXFileReference; fileEncoding = 4; lastKnownFileType = sourcecode.c.h; path = "UIImage+Image.h"; sourceTree = "<group>"; };
		8499CC241EEE462D00CDB8E0 /* UIImage+Image.m */ = {isa = PBXFileReference; fileEncoding = 4; lastKnownFileType = sourcecode.c.objc; path = "UIImage+Image.m"; sourceTree = "<group>"; };
		8499CC261EEE469100CDB8E0 /* UIBarButtonItem+Item.h */ = {isa = PBXFileReference; fileEncoding = 4; lastKnownFileType = sourcecode.c.h; path = "UIBarButtonItem+Item.h"; sourceTree = "<group>"; };
		8499CC271EEE469100CDB8E0 /* UIBarButtonItem+Item.m */ = {isa = PBXFileReference; fileEncoding = 4; lastKnownFileType = sourcecode.c.objc; path = "UIBarButtonItem+Item.m"; sourceTree = "<group>"; };
		8499CC2D1EEE60D900CDB8E0 /* XMGSettingViewController.h */ = {isa = PBXFileReference; fileEncoding = 4; lastKnownFileType = sourcecode.c.h; path = XMGSettingViewController.h; sourceTree = "<group>"; };
		8499CC2E1EEE60D900CDB8E0 /* XMGSettingViewController.m */ = {isa = PBXFileReference; fileEncoding = 4; lastKnownFileType = sourcecode.c.objc; path = XMGSettingViewController.m; sourceTree = "<group>"; };
		8499CC4F1EEE75FA00CDB8E0 /* XMGNavigationController.h */ = {isa = PBXFileReference; fileEncoding = 4; lastKnownFileType = sourcecode.c.h; name = XMGNavigationController.h; path = BuDeJie/Classes/Main/XMGNavigationController.h; sourceTree = SOURCE_ROOT; };
		8499CC501EEE75FA00CDB8E0 /* XMGNavigationController.m */ = {isa = PBXFileReference; fileEncoding = 4; lastKnownFileType = sourcecode.c.objc; name = XMGNavigationController.m; path = BuDeJie/Classes/Main/XMGNavigationController.m; sourceTree = SOURCE_ROOT; };
		84DDA97C1EED0F1200F8893C /* BuDeJie.app */ = {isa = PBXFileReference; explicitFileType = wrapper.application; includeInIndex = 0; path = BuDeJie.app; sourceTree = BUILT_PRODUCTS_DIR; };
		84DDA9891EED0F1200F8893C /* Base */ = {isa = PBXFileReference; lastKnownFileType = file.storyboard; name = Base; path = Base.lproj/Main.storyboard; sourceTree = "<group>"; };
		84DDA98B1EED0F1200F8893C /* Assets.xcassets */ = {isa = PBXFileReference; lastKnownFileType = folder.assetcatalog; path = Assets.xcassets; sourceTree = "<group>"; };
		84DDA98E1EED0F1200F8893C /* Base */ = {isa = PBXFileReference; lastKnownFileType = file.storyboard; name = Base; path = Base.lproj/LaunchScreen.storyboard; sourceTree = "<group>"; };
		84DDA9901EED0F1200F8893C /* Info.plist */ = {isa = PBXFileReference; lastKnownFileType = text.plist.xml; path = Info.plist; sourceTree = "<group>"; };
		84DDA9951EED0F1200F8893C /* BuDeJieUITests.xctest */ = {isa = PBXFileReference; explicitFileType = wrapper.cfbundle; includeInIndex = 0; path = BuDeJieUITests.xctest; sourceTree = BUILT_PRODUCTS_DIR; };
		84DDA9991EED0F1200F8893C /* BuDeJieUITests.m */ = {isa = PBXFileReference; lastKnownFileType = sourcecode.c.objc; path = BuDeJieUITests.m; sourceTree = "<group>"; };
		84DDA99B1EED0F1200F8893C /* Info.plist */ = {isa = PBXFileReference; lastKnownFileType = text.plist.xml; path = Info.plist; sourceTree = "<group>"; };
/* End PBXFileReference section */

/* Begin PBXFrameworksBuildPhase section */
		84DDA9791EED0F1200F8893C /* Frameworks */ = {
			isa = PBXFrameworksBuildPhase;
			buildActionMask = 2147483647;
			files = (
			);
			runOnlyForDeploymentPostprocessing = 0;
		};
		84DDA9921EED0F1200F8893C /* Frameworks */ = {
			isa = PBXFrameworksBuildPhase;
			buildActionMask = 2147483647;
			files = (
			);
			runOnlyForDeploymentPostprocessing = 0;
		};
/* End PBXFrameworksBuildPhase section */

/* Begin PBXGroup section */
		251CF0A61EED3D400055E738 /* Classes */ = {
			isa = PBXGroup;
			children = (
				8499CC291EEE60AA00CDB8E0 /* Setting */,
				251CF0A71EED3D400055E738 /* Essence */,
				251CF0AB1EED3D400055E738 /* FriendTrend */,
				251CF0AF1EED3D400055E738 /* Main */,
				251CF0B31EED3D400055E738 /* Me */,
				251CF0B71EED3D400055E738 /* New */,
				251CF0BB1EED3D400055E738 /* Other */,
				251CF0BF1EED3D400055E738 /* Publish */,
			);
			path = Classes;
			sourceTree = "<group>";
		};
		251CF0A71EED3D400055E738 /* Essence */ = {
			isa = PBXGroup;
			children = (
				251CF0A81EED3D400055E738 /* Controller */,
				251CF0A91EED3D400055E738 /* Model */,
				251CF0AA1EED3D400055E738 /* View */,
			);
			path = Essence;
			sourceTree = "<group>";
		};
		251CF0A81EED3D400055E738 /* Controller */ = {
			isa = PBXGroup;
			children = (
				251CF0C51EED3E130055E738 /* XMGEssenceViewController.h */,
				251CF0C61EED3E130055E738 /* XMGEssenceViewController.m */,
			);
			path = Controller;
			sourceTree = "<group>";
		};
		251CF0A91EED3D400055E738 /* Model */ = {
			isa = PBXGroup;
			children = (
			);
			path = Model;
			sourceTree = "<group>";
		};
		251CF0AA1EED3D400055E738 /* View */ = {
			isa = PBXGroup;
			children = (
			);
			path = View;
			sourceTree = "<group>";
		};
		251CF0AB1EED3D400055E738 /* FriendTrend */ = {
			isa = PBXGroup;
			children = (
				251CF0AC1EED3D400055E738 /* Controller */,
				251CF0AD1EED3D400055E738 /* Model */,
				251CF0AE1EED3D400055E738 /* View */,
			);
			path = FriendTrend;
			sourceTree = "<group>";
		};
		251CF0AC1EED3D400055E738 /* Controller */ = {
			isa = PBXGroup;
			children = (
				251CF0C81EED3E240055E738 /* XMGFriendTrendViewController.h */,
				251CF0C91EED3E240055E738 /* XMGFriendTrendViewController.m */,
			);
			path = Controller;
			sourceTree = "<group>";
		};
		251CF0AD1EED3D400055E738 /* Model */ = {
			isa = PBXGroup;
			children = (
			);
			path = Model;
			sourceTree = "<group>";
		};
		251CF0AE1EED3D400055E738 /* View */ = {
			isa = PBXGroup;
			children = (
			);
			path = View;
			sourceTree = "<group>";
		};
		251CF0AF1EED3D400055E738 /* Main */ = {
			isa = PBXGroup;
			children = (
				251CF0B01EED3D400055E738 /* Controller */,
				251CF0B11EED3D400055E738 /* Model */,
				251CF0B21EED3D400055E738 /* View */,
			);
			path = Main;
			sourceTree = "<group>";
		};
		251CF0B01EED3D400055E738 /* Controller */ = {
			isa = PBXGroup;
			children = (
				251CF0D41EED40E80055E738 /* XMGTabController.h */,
				251CF0D51EED40E80055E738 /* XMGTabController.m */,
				8499CC4F1EEE75FA00CDB8E0 /* XMGNavigationController.h */,
				8499CC501EEE75FA00CDB8E0 /* XMGNavigationController.m */,
			);
			path = Controller;
			sourceTree = "<group>";
		};
		251CF0B11EED3D400055E738 /* Model */ = {
			isa = PBXGroup;
			children = (
			);
			path = Model;
			sourceTree = "<group>";
		};
		251CF0B21EED3D400055E738 /* View */ = {
			isa = PBXGroup;
			children = (
			);
			path = View;
			sourceTree = "<group>";
		};
		251CF0B31EED3D400055E738 /* Me */ = {
			isa = PBXGroup;
			children = (
				8499CC1E1EEE39E000CDB8E0 /* Controller */,
				251CF0B51EED3D400055E738 /* Model */,
				251CF0B61EED3D400055E738 /* View */,
			);
			path = Me;
			sourceTree = "<group>";
		};
		251CF0B51EED3D400055E738 /* Model */ = {
			isa = PBXGroup;
			children = (
			);
			path = Model;
			sourceTree = "<group>";
		};
		251CF0B61EED3D400055E738 /* View */ = {
			isa = PBXGroup;
			children = (
			);
			path = View;
			sourceTree = "<group>";
		};
		251CF0B71EED3D400055E738 /* New */ = {
			isa = PBXGroup;
			children = (
				251CF0B81EED3D400055E738 /* Controller */,
				251CF0B91EED3D400055E738 /* Model */,
				251CF0BA1EED3D400055E738 /* View */,
			);
			path = New;
			sourceTree = "<group>";
		};
		251CF0B81EED3D400055E738 /* Controller */ = {
			isa = PBXGroup;
			children = (
				251CF0CE1EED3E650055E738 /* XMGNewViewController.h */,
				251CF0CF1EED3E650055E738 /* XMGNewViewController.m */,
			);
			path = Controller;
			sourceTree = "<group>";
		};
		251CF0B91EED3D400055E738 /* Model */ = {
			isa = PBXGroup;
			children = (
			);
			path = Model;
			sourceTree = "<group>";
		};
		251CF0BA1EED3D400055E738 /* View */ = {
			isa = PBXGroup;
			children = (
			);
			path = View;
			sourceTree = "<group>";
		};
		251CF0BB1EED3D400055E738 /* Other */ = {
			isa = PBXGroup;
			children = (
				8499CC221EEE462D00CDB8E0 /* Category */,
				251CF0BC1EED3D400055E738 /* AppDelegate.h */,
				251CF0BD1EED3D400055E738 /* AppDelegate.m */,
				251CF0BE1EED3D400055E738 /* main.m */,
			);
			path = Other;
			sourceTree = "<group>";
		};
		251CF0BF1EED3D400055E738 /* Publish */ = {
			isa = PBXGroup;
			children = (
				251CF0C01EED3D400055E738 /* Controller */,
				251CF0C11EED3D400055E738 /* Model */,
				251CF0C21EED3D400055E738 /* View */,
			);
			path = Publish;
			sourceTree = "<group>";
		};
		251CF0C01EED3D400055E738 /* Controller */ = {
			isa = PBXGroup;
			children = (
				251CF0D11EED3E780055E738 /* XMGPublishViewController.h */,
				251CF0D21EED3E780055E738 /* XMGPublishViewController.m */,
			);
			path = Controller;
			sourceTree = "<group>";
		};
		251CF0C11EED3D400055E738 /* Model */ = {
			isa = PBXGroup;
			children = (
			);
			path = Model;
			sourceTree = "<group>";
		};
		251CF0C21EED3D400055E738 /* View */ = {
			isa = PBXGroup;
			children = (
			);
			path = View;
			sourceTree = "<group>";
		};
		8499CC1E1EEE39E000CDB8E0 /* Controller */ = {
			isa = PBXGroup;
			children = (
				8499CC1F1EEE39E000CDB8E0 /* XMGMeTableViewController.h */,
				8499CC201EEE39E000CDB8E0 /* XMGMeTableViewController.m */,
			);
			path = Controller;
			sourceTree = "<group>";
		};
		8499CC221EEE462D00CDB8E0 /* Category */ = {
			isa = PBXGroup;
			children = (
				8499CC231EEE462D00CDB8E0 /* UIImage+Image.h */,
				8499CC241EEE462D00CDB8E0 /* UIImage+Image.m */,
				8499CC261EEE469100CDB8E0 /* UIBarButtonItem+Item.h */,
				8499CC271EEE469100CDB8E0 /* UIBarButtonItem+Item.m */,
			);
			path = Category;
			sourceTree = "<group>";
		};
		8499CC291EEE60AA00CDB8E0 /* Setting */ = {
			isa = PBXGroup;
			children = (
				8499CC2A1EEE60AA00CDB8E0 /* Controller */,
				8499CC2B1EEE60AA00CDB8E0 /* Model */,
				8499CC2C1EEE60AA00CDB8E0 /* View */,
			);
			name = Setting;
			path = Ad;
			sourceTree = "<group>";
		};
		8499CC2A1EEE60AA00CDB8E0 /* Controller */ = {
			isa = PBXGroup;
			children = (
				8499CC2D1EEE60D900CDB8E0 /* XMGSettingViewController.h */,
				8499CC2E1EEE60D900CDB8E0 /* XMGSettingViewController.m */,
			);
			path = Controller;
			sourceTree = "<group>";
		};
		8499CC2B1EEE60AA00CDB8E0 /* Model */ = {
			isa = PBXGroup;
			children = (
			);
			path = Model;
			sourceTree = "<group>";
		};
		8499CC2C1EEE60AA00CDB8E0 /* View */ = {
			isa = PBXGroup;
			children = (
			);
			path = View;
			sourceTree = "<group>";
		};
		84DDA9731EED0F1200F8893C = {
			isa = PBXGroup;
			children = (
				84DDA97E1EED0F1200F8893C /* BuDeJie */,
				84DDA9981EED0F1200F8893C /* BuDeJieUITests */,
				84DDA97D1EED0F1200F8893C /* Products */,
			);
			sourceTree = "<group>";
		};
		84DDA97D1EED0F1200F8893C /* Products */ = {
			isa = PBXGroup;
			children = (
				84DDA97C1EED0F1200F8893C /* BuDeJie.app */,
				84DDA9951EED0F1200F8893C /* BuDeJieUITests.xctest */,
			);
			name = Products;
			sourceTree = "<group>";
		};
		84DDA97E1EED0F1200F8893C /* BuDeJie */ = {
			isa = PBXGroup;
			children = (
				251CF0A61EED3D400055E738 /* Classes */,
				84DDA9881EED0F1200F8893C /* Main.storyboard */,
				84DDA98B1EED0F1200F8893C /* Assets.xcassets */,
				84DDA98D1EED0F1200F8893C /* LaunchScreen.storyboard */,
				84DDA9901EED0F1200F8893C /* Info.plist */,
				84DDA97F1EED0F1200F8893C /* Supporting Files */,
			);
			path = BuDeJie;
			sourceTree = "<group>";
		};
		84DDA97F1EED0F1200F8893C /* Supporting Files */ = {
			isa = PBXGroup;
			children = (
			);
			name = "Supporting Files";
			sourceTree = "<group>";
		};
		84DDA9981EED0F1200F8893C /* BuDeJieUITests */ = {
			isa = PBXGroup;
			children = (
				84DDA9991EED0F1200F8893C /* BuDeJieUITests.m */,
				84DDA99B1EED0F1200F8893C /* Info.plist */,
			);
			path = BuDeJieUITests;
			sourceTree = "<group>";
		};
/* End PBXGroup section */

/* Begin PBXNativeTarget section */
		84DDA97B1EED0F1200F8893C /* BuDeJie */ = {
			isa = PBXNativeTarget;
			buildConfigurationList = 84DDA99E1EED0F1200F8893C /* Build configuration list for PBXNativeTarget "BuDeJie" */;
			buildPhases = (
				84DDA9781EED0F1200F8893C /* Sources */,
				84DDA9791EED0F1200F8893C /* Frameworks */,
				84DDA97A1EED0F1200F8893C /* Resources */,
			);
			buildRules = (
			);
			dependencies = (
			);
			name = BuDeJie;
			productName = BuDeJie;
			productReference = 84DDA97C1EED0F1200F8893C /* BuDeJie.app */;
			productType = "com.apple.product-type.application";
		};
		84DDA9941EED0F1200F8893C /* BuDeJieUITests */ = {
			isa = PBXNativeTarget;
			buildConfigurationList = 84DDA9A11EED0F1200F8893C /* Build configuration list for PBXNativeTarget "BuDeJieUITests" */;
			buildPhases = (
				84DDA9911EED0F1200F8893C /* Sources */,
				84DDA9921EED0F1200F8893C /* Frameworks */,
				84DDA9931EED0F1200F8893C /* Resources */,
			);
			buildRules = (
			);
			dependencies = (
				84DDA9971EED0F1200F8893C /* PBXTargetDependency */,
			);
			name = BuDeJieUITests;
			productName = BuDeJieUITests;
			productReference = 84DDA9951EED0F1200F8893C /* BuDeJieUITests.xctest */;
			productType = "com.apple.product-type.bundle.ui-testing";
		};
/* End PBXNativeTarget section */

/* Begin PBXProject section */
		84DDA9741EED0F1200F8893C /* Project object */ = {
			isa = PBXProject;
			attributes = {
				CLASSPREFIX = XMG;
				LastUpgradeCheck = 0820;
				ORGANIZATIONNAME = admin;
				TargetAttributes = {
					84DDA97B1EED0F1200F8893C = {
						CreatedOnToolsVersion = 8.2.1;
						DevelopmentTeam = X6Q9Y9GBJ2;
						ProvisioningStyle = Automatic;
					};
					84DDA9941EED0F1200F8893C = {
						CreatedOnToolsVersion = 8.2.1;
						DevelopmentTeam = X6Q9Y9GBJ2;
						ProvisioningStyle = Automatic;
						TestTargetID = 84DDA97B1EED0F1200F8893C;
					};
				};
			};
			buildConfigurationList = 84DDA9771EED0F1200F8893C /* Build configuration list for PBXProject "BuDeJie" */;
			compatibilityVersion = "Xcode 3.2";
			developmentRegion = English;
			hasScannedForEncodings = 0;
			knownRegions = (
				en,
				Base,
			);
			mainGroup = 84DDA9731EED0F1200F8893C;
			productRefGroup = 84DDA97D1EED0F1200F8893C /* Products */;
			projectDirPath = "";
			projectRoot = "";
			targets = (
				84DDA97B1EED0F1200F8893C /* BuDeJie */,
				84DDA9941EED0F1200F8893C /* BuDeJieUITests */,
			);
		};
/* End PBXProject section */

/* Begin PBXResourcesBuildPhase section */
		84DDA97A1EED0F1200F8893C /* Resources */ = {
			isa = PBXResourcesBuildPhase;
			buildActionMask = 2147483647;
			files = (
				84DDA98F1EED0F1200F8893C /* LaunchScreen.storyboard in Resources */,
				84DDA98C1EED0F1200F8893C /* Assets.xcassets in Resources */,
				84DDA98A1EED0F1200F8893C /* Main.storyboard in Resources */,
			);
			runOnlyForDeploymentPostprocessing = 0;
		};
		84DDA9931EED0F1200F8893C /* Resources */ = {
			isa = PBXResourcesBuildPhase;
			buildActionMask = 2147483647;
			files = (
			);
			runOnlyForDeploymentPostprocessing = 0;
		};
/* End PBXResourcesBuildPhase section */

/* Begin PBXSourcesBuildPhase section */
		84DDA9781EED0F1200F8893C /* Sources */ = {
			isa = PBXSourcesBuildPhase;
			buildActionMask = 2147483647;
			files = (
				8499CC511EEE75FA00CDB8E0 /* XMGNavigationController.m in Sources */,
				251CF0C71EED3E130055E738 /* XMGEssenceViewController.m in Sources */,
				8499CC281EEE469100CDB8E0 /* UIBarButtonItem+Item.m in Sources */,
				251CF0D31EED3E780055E738 /* XMGPublishViewController.m in Sources */,
				8499CC211EEE39E000CDB8E0 /* XMGMeTableViewController.m in Sources */,
				8499CC251EEE462D00CDB8E0 /* UIImage+Image.m in Sources */,
				251CF0D01EED3E650055E738 /* XMGNewViewController.m in Sources */,
				8499CC2F1EEE60D900CDB8E0 /* XMGSettingViewController.m in Sources */,
				251CF0D61EED40E80055E738 /* XMGTabController.m in Sources */,
				251CF0CA1EED3E240055E738 /* XMGFriendTrendViewController.m in Sources */,
				251CF0C41EED3D400055E738 /* main.m in Sources */,
				251CF0C31EED3D400055E738 /* AppDelegate.m in Sources */,
			);
			runOnlyForDeploymentPostprocessing = 0;
		};
		84DDA9911EED0F1200F8893C /* Sources */ = {
			isa = PBXSourcesBuildPhase;
			buildActionMask = 2147483647;
			files = (
				84DDA99A1EED0F1200F8893C /* BuDeJieUITests.m in Sources */,
			);
			runOnlyForDeploymentPostprocessing = 0;
		};
/* End PBXSourcesBuildPhase section */

/* Begin PBXTargetDependency section */
		84DDA9971EED0F1200F8893C /* PBXTargetDependency */ = {
			isa = PBXTargetDependency;
			target = 84DDA97B1EED0F1200F8893C /* BuDeJie */;
			targetProxy = 84DDA9961EED0F1200F8893C /* PBXContainerItemProxy */;
		};
/* End PBXTargetDependency section */

/* Begin PBXVariantGroup section */
		84DDA9881EED0F1200F8893C /* Main.storyboard */ = {
			isa = PBXVariantGroup;
			children = (
				84DDA9891EED0F1200F8893C /* Base */,
			);
			name = Main.storyboard;
			sourceTree = "<group>";
		};
		84DDA98D1EED0F1200F8893C /* LaunchScreen.storyboard */ = {
			isa = PBXVariantGroup;
			children = (
				84DDA98E1EED0F1200F8893C /* Base */,
			);
			name = LaunchScreen.storyboard;
			sourceTree = "<group>";
		};
/* End PBXVariantGroup section */

/* Begin XCBuildConfiguration section */
		84DDA99C1EED0F1200F8893C /* Debug */ = {
			isa = XCBuildConfiguration;
			buildSettings = {
				ALWAYS_SEARCH_USER_PATHS = NO;
				CLANG_ANALYZER_NONNULL = YES;
				CLANG_CXX_LANGUAGE_STANDARD = "gnu++0x";
				CLANG_CXX_LIBRARY = "libc++";
				CLANG_ENABLE_MODULES = YES;
				CLANG_ENABLE_OBJC_ARC = YES;
				CLANG_WARN_BOOL_CONVERSION = YES;
				CLANG_WARN_CONSTANT_CONVERSION = YES;
				CLANG_WARN_DIRECT_OBJC_ISA_USAGE = YES_ERROR;
				CLANG_WARN_DOCUMENTATION_COMMENTS = YES;
				CLANG_WARN_EMPTY_BODY = YES;
				CLANG_WARN_ENUM_CONVERSION = YES;
				CLANG_WARN_INFINITE_RECURSION = YES;
				CLANG_WARN_INT_CONVERSION = YES;
				CLANG_WARN_OBJC_ROOT_CLASS = YES_ERROR;
				CLANG_WARN_SUSPICIOUS_MOVE = YES;
				CLANG_WARN_UNREACHABLE_CODE = YES;
				CLANG_WARN__DUPLICATE_METHOD_MATCH = YES;
				"CODE_SIGN_IDENTITY[sdk=iphoneos*]" = "iPhone Developer";
				COPY_PHASE_STRIP = NO;
				DEBUG_INFORMATION_FORMAT = dwarf;
				ENABLE_STRICT_OBJC_MSGSEND = YES;
				ENABLE_TESTABILITY = YES;
				GCC_C_LANGUAGE_STANDARD = gnu99;
				GCC_DYNAMIC_NO_PIC = NO;
				GCC_NO_COMMON_BLOCKS = YES;
				GCC_OPTIMIZATION_LEVEL = 0;
				GCC_PREPROCESSOR_DEFINITIONS = (
					"DEBUG=1",
					"$(inherited)",
				);
				GCC_WARN_64_TO_32_BIT_CONVERSION = YES;
				GCC_WARN_ABOUT_RETURN_TYPE = YES_ERROR;
				GCC_WARN_UNDECLARED_SELECTOR = YES;
				GCC_WARN_UNINITIALIZED_AUTOS = YES_AGGRESSIVE;
				GCC_WARN_UNUSED_FUNCTION = YES;
				GCC_WARN_UNUSED_VARIABLE = YES;
				IPHONEOS_DEPLOYMENT_TARGET = 10.2;
				MTL_ENABLE_DEBUG_INFO = YES;
				ONLY_ACTIVE_ARCH = YES;
				SDKROOT = iphoneos;
			};
			name = Debug;
		};
		84DDA99D1EED0F1200F8893C /* Release */ = {
			isa = XCBuildConfiguration;
			buildSettings = {
				ALWAYS_SEARCH_USER_PATHS = NO;
				CLANG_ANALYZER_NONNULL = YES;
				CLANG_CXX_LANGUAGE_STANDARD = "gnu++0x";
				CLANG_CXX_LIBRARY = "libc++";
				CLANG_ENABLE_MODULES = YES;
				CLANG_ENABLE_OBJC_ARC = YES;
				CLANG_WARN_BOOL_CONVERSION = YES;
				CLANG_WARN_CONSTANT_CONVERSION = YES;
				CLANG_WARN_DIRECT_OBJC_ISA_USAGE = YES_ERROR;
				CLANG_WARN_DOCUMENTATION_COMMENTS = YES;
				CLANG_WARN_EMPTY_BODY = YES;
				CLANG_WARN_ENUM_CONVERSION = YES;
				CLANG_WARN_INFINITE_RECURSION = YES;
				CLANG_WARN_INT_CONVERSION = YES;
				CLANG_WARN_OBJC_ROOT_CLASS = YES_ERROR;
				CLANG_WARN_SUSPICIOUS_MOVE = YES;
				CLANG_WARN_UNREACHABLE_CODE = YES;
				CLANG_WARN__DUPLICATE_METHOD_MATCH = YES;
				"CODE_SIGN_IDENTITY[sdk=iphoneos*]" = "iPhone Developer";
				COPY_PHASE_STRIP = NO;
				DEBUG_INFORMATION_FORMAT = "dwarf-with-dsym";
				ENABLE_NS_ASSERTIONS = NO;
				ENABLE_STRICT_OBJC_MSGSEND = YES;
				GCC_C_LANGUAGE_STANDARD = gnu99;
				GCC_NO_COMMON_BLOCKS = YES;
				GCC_WARN_64_TO_32_BIT_CONVERSION = YES;
				GCC_WARN_ABOUT_RETURN_TYPE = YES_ERROR;
				GCC_WARN_UNDECLARED_SELECTOR = YES;
				GCC_WARN_UNINITIALIZED_AUTOS = YES_AGGRESSIVE;
				GCC_WARN_UNUSED_FUNCTION = YES;
				GCC_WARN_UNUSED_VARIABLE = YES;
				IPHONEOS_DEPLOYMENT_TARGET = 10.2;
				MTL_ENABLE_DEBUG_INFO = NO;
				SDKROOT = iphoneos;
				VALIDATE_PRODUCT = YES;
			};
			name = Release;
		};
		84DDA99F1EED0F1200F8893C /* Debug */ = {
			isa = XCBuildConfiguration;
			buildSettings = {
				ASSETCATALOG_COMPILER_APPICON_NAME = AppIcon;
				ASSETCATALOG_COMPILER_LAUNCHIMAGE_NAME = LaunchImage;
				DEVELOPMENT_TEAM = X6Q9Y9GBJ2;
				INFOPLIST_FILE = BuDeJie/Info.plist;
				IPHONEOS_DEPLOYMENT_TARGET = 8.0;
				LD_RUNPATH_SEARCH_PATHS = "$(inherited) @executable_path/Frameworks";
				PRODUCT_BUNDLE_IDENTIFIER = fei.BuDeJie;
				PRODUCT_NAME = "$(TARGET_NAME)";
			};
			name = Debug;
		};
		84DDA9A01EED0F1200F8893C /* Release */ = {
			isa = XCBuildConfiguration;
			buildSettings = {
				ASSETCATALOG_COMPILER_APPICON_NAME = AppIcon;
				ASSETCATALOG_COMPILER_LAUNCHIMAGE_NAME = LaunchImage;
				DEVELOPMENT_TEAM = X6Q9Y9GBJ2;
				INFOPLIST_FILE = BuDeJie/Info.plist;
				IPHONEOS_DEPLOYMENT_TARGET = 8.0;
				LD_RUNPATH_SEARCH_PATHS = "$(inherited) @executable_path/Frameworks";
				PRODUCT_BUNDLE_IDENTIFIER = fei.BuDeJie;
				PRODUCT_NAME = "$(TARGET_NAME)";
			};
			name = Release;
		};
		84DDA9A21EED0F1200F8893C /* Debug */ = {
			isa = XCBuildConfiguration;
			buildSettings = {
				DEVELOPMENT_TEAM = X6Q9Y9GBJ2;
				INFOPLIST_FILE = BuDeJieUITests/Info.plist;
				LD_RUNPATH_SEARCH_PATHS = "$(inherited) @executable_path/Frameworks @loader_path/Frameworks";
				PRODUCT_BUNDLE_IDENTIFIER = fei.BuDeJieUITests;
				PRODUCT_NAME = "$(TARGET_NAME)";
				TEST_TARGET_NAME = BuDeJie;
			};
			name = Debug;
		};
		84DDA9A31EED0F1200F8893C /* Release */ = {
			isa = XCBuildConfiguration;
			buildSettings = {
				DEVELOPMENT_TEAM = X6Q9Y9GBJ2;
				INFOPLIST_FILE = BuDeJieUITests/Info.plist;
				LD_RUNPATH_SEARCH_PATHS = "$(inherited) @executable_path/Frameworks @loader_path/Frameworks";
				PRODUCT_BUNDLE_IDENTIFIER = fei.BuDeJieUITests;
				PRODUCT_NAME = "$(TARGET_NAME)";
				TEST_TARGET_NAME = BuDeJie;
			};
			name = Release;
		};
/* End XCBuildConfiguration section */

/* Begin XCConfigurationList section */
		84DDA9771EED0F1200F8893C /* Build configuration list for PBXProject "BuDeJie" */ = {
			isa = XCConfigurationList;
			buildConfigurations = (
				84DDA99C1EED0F1200F8893C /* Debug */,
				84DDA99D1EED0F1200F8893C /* Release */,
			);
			defaultConfigurationIsVisible = 0;
			defaultConfigurationName = Release;
		};
		84DDA99E1EED0F1200F8893C /* Build configuration list for PBXNativeTarget "BuDeJie" */ = {
			isa = XCConfigurationList;
			buildConfigurations = (
				84DDA99F1EED0F1200F8893C /* Debug */,
				84DDA9A01EED0F1200F8893C /* Release */,
			);
			defaultConfigurationIsVisible = 0;
			defaultConfigurationName = Release;
		};
		84DDA9A11EED0F1200F8893C /* Build configuration list for PBXNativeTarget "BuDeJieUITests" */ = {
			isa = XCConfigurationList;
			buildConfigurations = (
				84DDA9A21EED0F1200F8893C /* Debug */,
				84DDA9A31EED0F1200F8893C /* Release */,
			);
			defaultConfigurationIsVisible = 0;
			defaultConfigurationName = Release;
		};
/* End XCConfigurationList section */
	};
	rootObject = 84DDA9741EED0F1200F8893C /* Project object */;
}
